
Microsoft Visual Studio Solution File, Format Version 12.00
# Visual Studio Version 17
VisualStudioVersion = 17.3.32922.545
MinimumVisualStudioVersion = 10.0.40219.1
Project("{FAE04EC0-301F-11D3-BF4B-00C04F79EFBC}") = "OnTapKT2ASP", "OnTapKT2ASP.csproj", "{3EDE3449-E361-4015-AFA9-351479EEA672}"
EndProject
Global
	GlobalSection(SolutionConfigurationPlatforms) = preSolution
		Debug|Any CPU = Debug|Any CPU
		Release|Any CPU = Release|Any CPU
	EndGlobalSection
	GlobalSection(ProjectConfigurationPlatforms) = postSolution
		{3EDE3449-E361-4015-AFA9-351479EEA672}.Debug|Any CPU.ActiveCfg = Debug|Any CPU
		{3EDE3449-E361-4015-AFA9-351479EEA672}.Debug|Any CPU.Build.0 = Debug|Any CPU
		{3EDE3449-E361-4015-AFA9-351479EEA672}.Release|Any CPU.ActiveCfg = Release|Any CPU
		{3EDE3449-E361-4015-AFA9-351479EEA672}.Release|Any CPU.Build.0 = Release|Any CPU
	EndGlobalSection
	GlobalSection(SolutionProperties) = preSolution
		HideSolutionNode = FALSE
	EndGlobalSection
	GlobalSection(ExtensibilityGlobals) = postSolution
		SolutionGuid = {1B432D54-C70B-4458-B4E4-D20089ECFEF5}
	EndGlobalSection
EndGlobal
