
Microsoft Visual Studio Solution File, Format Version 12.00
# Visual Studio Version 17
VisualStudioVersion = 17.3.32922.545
MinimumVisualStudioVersion = 10.0.40219.1
Project("{FAE04EC0-301F-11D3-BF4B-00C04F79EFBC}") = "NguyenNhatMinh_2019600285_CuoiKy_1", "NguyenNhatMinh_2019600285_CuoiKy_1.csproj", "{22FC8D73-FB97-41E7-891B-7753E2D3DD01}"
EndProject
Global
	GlobalSection(SolutionConfigurationPlatforms) = preSolution
		Debug|Any CPU = Debug|Any CPU
		Release|Any CPU = Release|Any CPU
	EndGlobalSection
	GlobalSection(ProjectConfigurationPlatforms) = postSolution
		{22FC8D73-FB97-41E7-891B-7753E2D3DD01}.Debug|Any CPU.ActiveCfg = Debug|Any CPU
		{22FC8D73-FB97-41E7-891B-7753E2D3DD01}.Debug|Any CPU.Build.0 = Debug|Any CPU
		{22FC8D73-FB97-41E7-891B-7753E2D3DD01}.Release|Any CPU.ActiveCfg = Release|Any CPU
		{22FC8D73-FB97-41E7-891B-7753E2D3DD01}.Release|Any CPU.Build.0 = Release|Any CPU
	EndGlobalSection
	GlobalSection(SolutionProperties) = preSolution
		HideSolutionNode = FALSE
	EndGlobalSection
	GlobalSection(ExtensibilityGlobals) = postSolution
		SolutionGuid = {9DB28F02-033B-4E0A-BEB1-93D535E98C91}
	EndGlobalSection
EndGlobal
