
Microsoft Visual Studio Solution File, Format Version 12.00
# Visual Studio Version 17
VisualStudioVersion = 17.3.32825.248
MinimumVisualStudioVersion = 10.0.40219.1
Project("{FAE04EC0-301F-11D3-BF4B-00C04F79EFBC}") = "Bai3Cau1", "Bai3Cau1.csproj", "{4F167525-8933-465A-9469-683F097575E1}"
EndProject
Project("{FAE04EC0-301F-11D3-BF4B-00C04F79EFBC}") = "Bai3Cau2", "..\Bai3Cau2\Bai3Cau2.csproj", "{2F87673C-1E0C-42D6-BF85-D5E80382261C}"
EndProject
Global
	GlobalSection(SolutionConfigurationPlatforms) = preSolution
		Debug|Any CPU = Debug|Any CPU
		Release|Any CPU = Release|Any CPU
	EndGlobalSection
	GlobalSection(ProjectConfigurationPlatforms) = postSolution
		{4F167525-8933-465A-9469-683F097575E1}.Debug|Any CPU.ActiveCfg = Debug|Any CPU
		{4F167525-8933-465A-9469-683F097575E1}.Debug|Any CPU.Build.0 = Debug|Any CPU
		{4F167525-8933-465A-9469-683F097575E1}.Release|Any CPU.ActiveCfg = Release|Any CPU
		{4F167525-8933-465A-9469-683F097575E1}.Release|Any CPU.Build.0 = Release|Any CPU
		{2F87673C-1E0C-42D6-BF85-D5E80382261C}.Debug|Any CPU.ActiveCfg = Debug|Any CPU
		{2F87673C-1E0C-42D6-BF85-D5E80382261C}.Debug|Any CPU.Build.0 = Debug|Any CPU
		{2F87673C-1E0C-42D6-BF85-D5E80382261C}.Release|Any CPU.ActiveCfg = Release|Any CPU
		{2F87673C-1E0C-42D6-BF85-D5E80382261C}.Release|Any CPU.Build.0 = Release|Any CPU
	EndGlobalSection
	GlobalSection(SolutionProperties) = preSolution
		HideSolutionNode = FALSE
	EndGlobalSection
	GlobalSection(ExtensibilityGlobals) = postSolution
		SolutionGuid = {B9AF84DB-4AF5-4BE3-B753-0EC4DF94038A}
	EndGlobalSection
EndGlobal
